Microsoft Visual Studio Solution File, Format Version 12.00
# Visual Studio Version 17
VisualStudioVersion = 17.9.34701.34
MinimumVisualStudioVersion = 10.0.40219.1
Project("{2150E333-8FDC-42A3-9474-1A3956D46DE8}") = "BackEnd", "BackEnd", "{5EF850C7-975F-4E4D-98AC-04A1B299ACDB}"
EndProject
Project("{2150E333-8FDC-42A3-9474-1A3956D46DE8}") = "FrontEnd", "FrontEnd", "{865E7646-882C-4EA6-9B49-785100C987ED}"
EndProject
Project("{9A19103F-16F7-4668-BE54-9A1E7A4F7556}") = "MedicalAppointment.Domain", "MedicalAppointment.Domain\MedicalAppointment.Domain.csproj", "{54FF4E83-73F5-43E3-8776-6DC07B4F1784}"
EndProject
Project("{9A19103F-16F7-4668-BE54-9A1E7A4F7556}") = "MedicalAppointment.Infraestructure", "MedicalAppointment.Infraestructure\MedicalAppointment.Infraestructure.csproj", "{B19DF510-F8D1-4227-813D-319C258A28B7}"
EndProject
Project("{9A19103F-16F7-4668-BE54-9A1E7A4F7556}") = "MedicalAppointment.Persistance", "MedicalAppointment.Persistance\MedicalAppointment.Persistance.csproj", "{8011498E-F05B-47B1-AF58-154471566329}"
EndProject
Project("{2150E333-8FDC-42A3-9474-1A3956D46DE8}") = "Api", "Api", "{501879A5-3E6E-410A-A212-0A678F667DAB}"
EndProject
Project("{9A19103F-16F7-4668-BE54-9A1E7A4F7556}") = "MedicalAppointment.System.Api", "MedicalApp.System.Api\MedicalAppointment.System.Api.csproj", "{36B79349-9A66-46C2-BB3E-6431469C43C5}"
EndProject
Project("{9A19103F-16F7-4668-BE54-9A1E7A4F7556}") = "MedicalAppointment.Appointments.Api", "MedicalApp.Appointments.Api\MedicalAppointment.Appointments.Api.csproj", "{5817D6DC-5DAA-4E8B-B3DF-B3DE6B968D30}"
EndProject
Project("{9A19103F-16F7-4668-BE54-9A1E7A4F7556}") = "MedicalAppointment.Application", "MedicalAppointment.Application\MedicalAppointment.Application.csproj", "{493673A9-D673-43C0-A0EA-CEA6266F84D3}"
EndProject
Project("{9A19103F-16F7-4668-BE54-9A1E7A4F7556}") = "MedicalAppointment.Users.Api", "MedicalAppointment.Users.Api\MedicalAppointment.Users.Api.csproj", "{FCEBF13C-DF0E-4A79-BCFD-5D8533355A8F}"
EndProject
Project("{9A19103F-16F7-4668-BE54-9A1E7A4F7556}") = "MedicalAppointment.Medical.Api", "MedicalAppointment.Medical.Api\MedicalAppointment.Medical.Api.csproj", "{0A01A936-01DA-4EB2-A71A-AFBA76A6E7DD}"
EndProject
Project("{9A19103F-16F7-4668-BE54-9A1E7A4F7556}") = "MedicalAppointment.IOC", "MedicalAppointment.IOC\MedicalAppointment.IOC.csproj", "{64C97B2F-2CD8-4801-8A5D-689ADA9C3FEB}"
EndProject
Project("{9A19103F-16F7-4668-BE54-9A1E7A4F7556}") = "MedicalAppointment.Web", "MedicalAppointment.Web\MedicalAppointment.Web.csproj", "{F6590FFD-E87A-476D-9921-ED9CFECC642B}"
EndProject
Project("{FAE04EC0-301F-11D3-BF4B-00C04F79EFBC}") = "MedicalAppointment.Consumption", "MedicalAppointment.Consumption\MedicalAppointment.Consumption.csproj", "{587F09F5-489A-426C-A0A0-028C3D7CAA91}"
EndProject
Project("{9A19103F-16F7-4668-BE54-9A1E7A4F7556}") = "MedicalApp.Insurance.Api", "MedicalApp.Insurance.Api\MedicalApp.Insurance.Api.csproj", "{A61DD664-CBEC-4A20-BF56-27A11C03EAA0}"
EndProject
Global
	GlobalSection(SolutionConfigurationPlatforms) = preSolution
		Debug|Any CPU = Debug|Any CPU
		Release|Any CPU = Release|Any CPU
	EndGlobalSection
	GlobalSection(ProjectConfigurationPlatforms) = postSolution
		{54FF4E83-73F5-43E3-8776-6DC07B4F1784}.Debug|Any CPU.ActiveCfg = Debug|Any CPU
		{54FF4E83-73F5-43E3-8776-6DC07B4F1784}.Debug|Any CPU.Build.0 = Debug|Any CPU
		{54FF4E83-73F5-43E3-8776-6DC07B4F1784}.Release|Any CPU.ActiveCfg = Release|Any CPU
		{54FF4E83-73F5-43E3-8776-6DC07B4F1784}.Release|Any CPU.Build.0 = Release|Any CPU
		{B19DF510-F8D1-4227-813D-319C258A28B7}.Debug|Any CPU.ActiveCfg = Debug|Any CPU
		{B19DF510-F8D1-4227-813D-319C258A28B7}.Debug|Any CPU.Build.0 = Debug|Any CPU
		{B19DF510-F8D1-4227-813D-319C258A28B7}.Release|Any CPU.ActiveCfg = Release|Any CPU
		{B19DF510-F8D1-4227-813D-319C258A28B7}.Release|Any CPU.Build.0 = Release|Any CPU
		{8011498E-F05B-47B1-AF58-154471566329}.Debug|Any CPU.ActiveCfg = Debug|Any CPU
		{8011498E-F05B-47B1-AF58-154471566329}.Debug|Any CPU.Build.0 = Debug|Any CPU
		{8011498E-F05B-47B1-AF58-154471566329}.Release|Any CPU.ActiveCfg = Release|Any CPU
		{8011498E-F05B-47B1-AF58-154471566329}.Release|Any CPU.Build.0 = Release|Any CPU
		{36B79349-9A66-46C2-BB3E-6431469C43C5}.Debug|Any CPU.ActiveCfg = Debug|Any CPU
		{36B79349-9A66-46C2-BB3E-6431469C43C5}.Debug|Any CPU.Build.0 = Debug|Any CPU
		{36B79349-9A66-46C2-BB3E-6431469C43C5}.Release|Any CPU.ActiveCfg = Release|Any CPU
		{36B79349-9A66-46C2-BB3E-6431469C43C5}.Release|Any CPU.Build.0 = Release|Any CPU
		{5817D6DC-5DAA-4E8B-B3DF-B3DE6B968D30}.Debug|Any CPU.ActiveCfg = Debug|Any CPU
		{5817D6DC-5DAA-4E8B-B3DF-B3DE6B968D30}.Debug|Any CPU.Build.0 = Debug|Any CPU
		{5817D6DC-5DAA-4E8B-B3DF-B3DE6B968D30}.Release|Any CPU.ActiveCfg = Release|Any CPU
		{5817D6DC-5DAA-4E8B-B3DF-B3DE6B968D30}.Release|Any CPU.Build.0 = Release|Any CPU
		{493673A9-D673-43C0-A0EA-CEA6266F84D3}.Debug|Any CPU.ActiveCfg = Debug|Any CPU
		{493673A9-D673-43C0-A0EA-CEA6266F84D3}.Debug|Any CPU.Build.0 = Debug|Any CPU
		{493673A9-D673-43C0-A0EA-CEA6266F84D3}.Release|Any CPU.ActiveCfg = Release|Any CPU
		{493673A9-D673-43C0-A0EA-CEA6266F84D3}.Release|Any CPU.Build.0 = Release|Any CPU
		{FCEBF13C-DF0E-4A79-BCFD-5D8533355A8F}.Debug|Any CPU.ActiveCfg = Debug|Any CPU
		{FCEBF13C-DF0E-4A79-BCFD-5D8533355A8F}.Debug|Any CPU.Build.0 = Debug|Any CPU
		{FCEBF13C-DF0E-4A79-BCFD-5D8533355A8F}.Release|Any CPU.ActiveCfg = Release|Any CPU
		{FCEBF13C-DF0E-4A79-BCFD-5D8533355A8F}.Release|Any CPU.Build.0 = Release|Any CPU
		{0A01A936-01DA-4EB2-A71A-AFBA76A6E7DD}.Debug|Any CPU.ActiveCfg = Debug|Any CPU
		{0A01A936-01DA-4EB2-A71A-AFBA76A6E7DD}.Debug|Any CPU.Build.0 = Debug|Any CPU
		{0A01A936-01DA-4EB2-A71A-AFBA76A6E7DD}.Release|Any CPU.ActiveCfg = Release|Any CPU
		{0A01A936-01DA-4EB2-A71A-AFBA76A6E7DD}.Release|Any CPU.Build.0 = Release|Any CPU
		{64C97B2F-2CD8-4801-8A5D-689ADA9C3FEB}.Debug|Any CPU.ActiveCfg = Debug|Any CPU
		{64C97B2F-2CD8-4801-8A5D-689ADA9C3FEB}.Debug|Any CPU.Build.0 = Debug|Any CPU
		{64C97B2F-2CD8-4801-8A5D-689ADA9C3FEB}.Release|Any CPU.ActiveCfg = Release|Any CPU
		{64C97B2F-2CD8-4801-8A5D-689ADA9C3FEB}.Release|Any CPU.Build.0 = Release|Any CPU
		{F6590FFD-E87A-476D-9921-ED9CFECC642B}.Debug|Any CPU.ActiveCfg = Debug|Any CPU
		{F6590FFD-E87A-476D-9921-ED9CFECC642B}.Debug|Any CPU.Build.0 = Debug|Any CPU
		{F6590FFD-E87A-476D-9921-ED9CFECC642B}.Release|Any CPU.ActiveCfg = Release|Any CPU
		{F6590FFD-E87A-476D-9921-ED9CFECC642B}.Release|Any CPU.Build.0 = Release|Any CPU
		{587F09F5-489A-426C-A0A0-028C3D7CAA91}.Debug|Any CPU.ActiveCfg = Debug|Any CPU
		{587F09F5-489A-426C-A0A0-028C3D7CAA91}.Debug|Any CPU.Build.0 = Debug|Any CPU
		{587F09F5-489A-426C-A0A0-028C3D7CAA91}.Release|Any CPU.ActiveCfg = Release|Any CPU
		{587F09F5-489A-426C-A0A0-028C3D7CAA91}.Release|Any CPU.Build.0 = Release|Any CPU
		{A61DD664-CBEC-4A20-BF56-27A11C03EAA0}.Debug|Any CPU.ActiveCfg = Debug|Any CPU
		{A61DD664-CBEC-4A20-BF56-27A11C03EAA0}.Debug|Any CPU.Build.0 = Debug|Any CPU
		{A61DD664-CBEC-4A20-BF56-27A11C03EAA0}.Release|Any CPU.ActiveCfg = Release|Any CPU
		{A61DD664-CBEC-4A20-BF56-27A11C03EAA0}.Release|Any CPU.Build.0 = Release|Any CPU
	EndGlobalSection
	GlobalSection(SolutionProperties) = preSolution
		HideSolutionNode = FALSE
	EndGlobalSection
	GlobalSection(NestedProjects) = preSolution
		{54FF4E83-73F5-43E3-8776-6DC07B4F1784} = {5EF850C7-975F-4E4D-98AC-04A1B299ACDB}
		{B19DF510-F8D1-4227-813D-319C258A28B7} = {5EF850C7-975F-4E4D-98AC-04A1B299ACDB}
		{8011498E-F05B-47B1-AF58-154471566329} = {5EF850C7-975F-4E4D-98AC-04A1B299ACDB}
		{36B79349-9A66-46C2-BB3E-6431469C43C5} = {501879A5-3E6E-410A-A212-0A678F667DAB}
		{5817D6DC-5DAA-4E8B-B3DF-B3DE6B968D30} = {501879A5-3E6E-410A-A212-0A678F667DAB}
		{493673A9-D673-43C0-A0EA-CEA6266F84D3} = {5EF850C7-975F-4E4D-98AC-04A1B299ACDB}
		{FCEBF13C-DF0E-4A79-BCFD-5D8533355A8F} = {501879A5-3E6E-410A-A212-0A678F667DAB}
		{0A01A936-01DA-4EB2-A71A-AFBA76A6E7DD} = {501879A5-3E6E-410A-A212-0A678F667DAB}
		{64C97B2F-2CD8-4801-8A5D-689ADA9C3FEB} = {5EF850C7-975F-4E4D-98AC-04A1B299ACDB}
		{F6590FFD-E87A-476D-9921-ED9CFECC642B} = {865E7646-882C-4EA6-9B49-785100C987ED}
		{587F09F5-489A-426C-A0A0-028C3D7CAA91} = {865E7646-882C-4EA6-9B49-785100C987ED}
		{A61DD664-CBEC-4A20-BF56-27A11C03EAA0} = {D5278D34-C8F5-4919-A4F9-B22C6296AB0F}
	EndGlobalSection
	GlobalSection(ExtensibilityGlobals) = postSolution
		SolutionGuid = {B2E915D7-DA40-46B0-8446-6A15DB8A617A}
	EndGlobalSection
EndGlobal
